// !$*UTF8*$!
{
	archiveVersion = 1;
	classes = {
	};
	objectVersion = 48;
	objects = {

/* Begin PBXBuildFile section */
		9017CD831FE1A78300E6570F /* AppDelegate.swift in Sources */ = {isa = PBXBuildFile; fileRef = 9017CD821FE1A78300E6570F /* AppDelegate.swift */; };
		9017CD851FE1A78300E6570F /* ViewController.swift in Sources */ = {isa = PBXBuildFile; fileRef = 9017CD841FE1A78300E6570F /* ViewController.swift */; };
		9017CD881FE1A78300E6570F /* Main.storyboard in Resources */ = {isa = PBXBuildFile; fileRef = 9017CD861FE1A78300E6570F /* Main.storyboard */; };
		9017CD8A1FE1A78300E6570F /* Assets.xcassets in Resources */ = {isa = PBXBuildFile; fileRef = 9017CD891FE1A78300E6570F /* Assets.xcassets */; };
		9017CD8D1FE1A78300E6570F /* LaunchScreen.storyboard in Resources */ = {isa = PBXBuildFile; fileRef = 9017CD8B1FE1A78300E6570F /* LaunchScreen.storyboard */; };
		9017CD981FE1A78300E6570F /* TestAppTests.swift in Sources */ = {isa = PBXBuildFile; fileRef = 9017CD971FE1A78300E6570F /* TestAppTests.swift */; };
		9017CDA31FE1A78300E6570F /* TestAppUITests.swift in Sources */ = {isa = PBXBuildFile; fileRef = 9017CDA21FE1A78300E6570F /* TestAppUITests.swift */; };
/* End PBXBuildFile section */

/* Begin PBXContainerItemProxy section */
		9017CD941FE1A78300E6570F /* PBXContainerItemProxy */ = {
			isa = PBXContainerItemProxy;
			containerPortal = 9017CD771FE1A78300E6570F /* Project object */;
			proxyType = 1;
			remoteGlobalIDString = 9017CD7E1FE1A78300E6570F;
			remoteInfo = TestApp;
		};
		9017CD9F1FE1A78300E6570F /* PBXContainerItemProxy */ = {
			isa = PBXContainerItemProxy;
			containerPortal = 9017CD771FE1A78300E6570F /* Project object */;
			proxyType = 1;
			remoteGlobalIDString = 9017CD7E1FE1A78300E6570F;
			remoteInfo = TestApp;
		};
/* End PBXContainerItemProxy section */

/* Begin PBXFileReference section */
		9017CD7F1FE1A78300E6570F /* TestApp.app */ = {isa = PBXFileReference; explicitFileType = wrapper.application; includeInIndex = 0; path = TestApp.app; sourceTree = BUILT_PRODUCTS_DIR; };
		9017CD821FE1A78300E6570F /* AppDelegate.swift */ = {isa = PBXFileReference; lastKnownFileType = sourcecode.swift; path = AppDelegate.swift; sourceTree = "<group>"; };
		9017CD841FE1A78300E6570F /* ViewController.swift */ = {isa = PBXFileReference; lastKnownFileType = sourcecode.swift; path = ViewController.swift; sourceTree = "<group>"; };
		9017CD871FE1A78300E6570F /* Base */ = {isa = PBXFileReference; lastKnownFileType = file.storyboard; name = Base; path = Base.lproj/Main.storyboard; sourceTree = "<group>"; };
		9017CD891FE1A78300E6570F /* Assets.xcassets */ = {isa = PBXFileReference; lastKnownFileType = folder.assetcatalog; path = Assets.xcassets; sourceTree = "<group>"; };
		9017CD8C1FE1A78300E6570F /* Base */ = {isa = PBXFileReference; lastKnownFileType = file.storyboard; name = Base; path = Base.lproj/LaunchScreen.storyboard; sourceTree = "<group>"; };
		9017CD8E1FE1A78300E6570F /* Info.plist */ = {isa = PBXFileReference; lastKnownFileType = text.plist.xml; path = Info.plist; sourceTree = "<group>"; };
		9017CD931FE1A78300E6570F /* TestAppTests.xctest */ = {isa = PBXFileReference; explicitFileType = wrapper.cfbundle; includeInIndex = 0; path = TestAppTests.xctest; sourceTree = BUILT_PRODUCTS_DIR; };
		9017CD971FE1A78300E6570F /* TestAppTests.swift */ = {isa = PBXFileReference; lastKnownFileType = sourcecode.swift; path = TestAppTests.swift; sourceTree = "<group>"; };
		9017CD991FE1A78300E6570F /* Info.plist */ = {isa = PBXFileReference; lastKnownFileType = text.plist.xml; path = Info.plist; sourceTree = "<group>"; };
		9017CD9E1FE1A78300E6570F /* TestAppUITests.xctest */ = {isa = PBXFileReference; explicitFileType = wrapper.cfbundle; includeInIndex = 0; path = TestAppUITests.xctest; sourceTree = BUILT_PRODUCTS_DIR; };
		9017CDA21FE1A78300E6570F /* TestAppUITests.swift */ = {isa = PBXFileReference; lastKnownFileType = sourcecode.swift; path = TestAppUITests.swift; sourceTree = "<group>"; };
		9017CDA41FE1A78300E6570F /* Info.plist */ = {isa = PBXFileReference; lastKnownFileType = text.plist.xml; path = Info.plist; sourceTree = "<group>"; };
/* End PBXFileReference section */

/* Begin PBXFrameworksBuildPhase section */
		9017CD7C1FE1A78300E6570F /* Frameworks */ = {
			isa = PBXFrameworksBuildPhase;
			buildActionMask = 2147483647;
			files = (
			);
			runOnlyForDeploymentPostprocessing = 0;
		};
		9017CD901FE1A78300E6570F /* Frameworks */ = {
			isa = PBXFrameworksBuildPhase;
			buildActionMask = 2147483647;
			files = (
			);
			runOnlyForDeploymentPostprocessing = 0;
		};
		9017CD9B1FE1A78300E6570F /* Frameworks */ = {
			isa = PBXFrameworksBuildPhase;
			buildActionMask = 2147483647;
			files = (
			);
			runOnlyForDeploymentPostprocessing = 0;
		};
/* End PBXFrameworksBuildPhase section */

/* Begin PBXGroup section */
		9017CD761FE1A78200E6570F = {
			isa = PBXGroup;
			children = (
				9017CD811FE1A78300E6570F /* TestApp */,
				9017CD961FE1A78300E6570F /* TestAppTests */,
				9017CDA11FE1A78300E6570F /* TestAppUITests */,
				9017CD801FE1A78300E6570F /* Products */,
			);
			sourceTree = "<group>";
		};
		9017CD801FE1A78300E6570F /* Products */ = {
			isa = PBXGroup;
			children = (
				9017CD7F1FE1A78300E6570F /* TestApp.app */,
				9017CD931FE1A78300E6570F /* TestAppTests.xctest */,
				9017CD9E1FE1A78300E6570F /* TestAppUITests.xctest */,
			);
			name = Products;
			sourceTree = "<group>";
		};
		9017CD811FE1A78300E6570F /* TestApp */ = {
			isa = PBXGroup;
			children = (
				9017CDB01FE1AA2A00E6570F /* Supporting Files */,
				9017CD841FE1A78300E6570F /* ViewController.swift */,
				9017CD861FE1A78300E6570F /* Main.storyboard */,
				9017CD8E1FE1A78300E6570F /* Info.plist */,
			);
			path = TestApp;
			sourceTree = "<group>";
		};
		9017CD961FE1A78300E6570F /* TestAppTests */ = {
			isa = PBXGroup;
			children = (
				9017CD971FE1A78300E6570F /* TestAppTests.swift */,
				9017CD991FE1A78300E6570F /* Info.plist */,
			);
			path = TestAppTests;
			sourceTree = "<group>";
		};
		9017CDA11FE1A78300E6570F /* TestAppUITests */ = {
			isa = PBXGroup;
			children = (
				9017CDA21FE1A78300E6570F /* TestAppUITests.swift */,
				9017CDA41FE1A78300E6570F /* Info.plist */,
			);
			path = TestAppUITests;
			sourceTree = "<group>";
		};
		9017CDB01FE1AA2A00E6570F /* Supporting Files */ = {
			isa = PBXGroup;
			children = (
				9017CD821FE1A78300E6570F /* AppDelegate.swift */,
				9017CD891FE1A78300E6570F /* Assets.xcassets */,
				9017CD8B1FE1A78300E6570F /* LaunchScreen.storyboard */,
			);
			path = "Supporting Files";
			sourceTree = "<group>";
		};
/* End PBXGroup section */

/* Begin PBXNativeTarget section */
		9017CD7E1FE1A78300E6570F /* TestApp */ = {
			isa = PBXNativeTarget;
			buildConfigurationList = 9017CDA71FE1A78300E6570F /* Build configuration list for PBXNativeTarget "TestApp" */;
			buildPhases = (
				9017CD7B1FE1A78300E6570F /* Sources */,
				9017CD7C1FE1A78300E6570F /* Frameworks */,
				9017CD7D1FE1A78300E6570F /* Resources */,
			);
			buildRules = (
			);
			dependencies = (
			);
			name = TestApp;
			productName = TestApp;
			productReference = 9017CD7F1FE1A78300E6570F /* TestApp.app */;
			productType = "com.apple.product-type.application";
		};
		9017CD921FE1A78300E6570F /* TestAppTests */ = {
			isa = PBXNativeTarget;
			buildConfigurationList = 9017CDAA1FE1A78300E6570F /* Build configuration list for PBXNativeTarget "TestAppTests" */;
			buildPhases = (
				9017CD8F1FE1A78300E6570F /* Sources */,
				9017CD901FE1A78300E6570F /* Frameworks */,
				9017CD911FE1A78300E6570F /* Resources */,
			);
			buildRules = (
			);
			dependencies = (
				9017CD951FE1A78300E6570F /* PBXTargetDependency */,
			);
			name = TestAppTests;
			productName = TestAppTests;
			productReference = 9017CD931FE1A78300E6570F /* TestAppTests.xctest */;
			productType = "com.apple.product-type.bundle.unit-test";
		};
		9017CD9D1FE1A78300E6570F /* TestAppUITests */ = {
			isa = PBXNativeTarget;
			buildConfigurationList = 9017CDAD1FE1A78300E6570F /* Build configuration list for PBXNativeTarget "TestAppUITests" */;
			buildPhases = (
				9017CD9A1FE1A78300E6570F /* Sources */,
				9017CD9B1FE1A78300E6570F /* Frameworks */,
				9017CD9C1FE1A78300E6570F /* Resources */,
			);
			buildRules = (
			);
			dependencies = (
				9017CDA01FE1A78300E6570F /* PBXTargetDependency */,
			);
			name = TestAppUITests;
			productName = TestAppUITests;
			productReference = 9017CD9E1FE1A78300E6570F /* TestAppUITests.xctest */;
			productType = "com.apple.product-type.bundle.ui-testing";
		};
/* End PBXNativeTarget section */

/* Begin PBXProject section */
		9017CD771FE1A78300E6570F /* Project object */ = {
			isa = PBXProject;
			attributes = {
				LastSwiftUpdateCheck = 0920;
				LastUpgradeCheck = 0920;
				ORGANIZATIONNAME = "Vasu Mistry";
				TargetAttributes = {
					9017CD7E1FE1A78300E6570F = {
						CreatedOnToolsVersion = 9.2;
						ProvisioningStyle = Automatic;
					};
					9017CD921FE1A78300E6570F = {
						CreatedOnToolsVersion = 9.2;
						ProvisioningStyle = Automatic;
						TestTargetID = 9017CD7E1FE1A78300E6570F;
					};
					9017CD9D1FE1A78300E6570F = {
						CreatedOnToolsVersion = 9.2;
						ProvisioningStyle = Automatic;
						TestTargetID = 9017CD7E1FE1A78300E6570F;
					};
				};
			};
			buildConfigurationList = 9017CD7A1FE1A78300E6570F /* Build configuration list for PBXProject "TestApp" */;
			compatibilityVersion = "Xcode 8.0";
			developmentRegion = en;
			hasScannedForEncodings = 0;
			knownRegions = (
				en,
				Base,
			);
			mainGroup = 9017CD761FE1A78200E6570F;
			productRefGroup = 9017CD801FE1A78300E6570F /* Products */;
			projectDirPath = "";
			projectRoot = "";
			targets = (
				9017CD7E1FE1A78300E6570F /* TestApp */,
				9017CD921FE1A78300E6570F /* TestAppTests */,
				9017CD9D1FE1A78300E6570F /* TestAppUITests */,
			);
		};
/* End PBXProject section */

/* Begin PBXResourcesBuildPhase section */
		9017CD7D1FE1A78300E6570F /* Resources */ = {
			isa = PBXResourcesBuildPhase;
			buildActionMask = 2147483647;
			files = (
				9017CD8D1FE1A78300E6570F /* LaunchScreen.storyboard in Resources */,
				9017CD8A1FE1A78300E6570F /* Assets.xcassets in Resources */,
				9017CD881FE1A78300E6570F /* Main.storyboard in Resources */,
			);
			runOnlyForDeploymentPostprocessing = 0;
		};
		9017CD911FE1A78300E6570F /* Resources */ = {
			isa = PBXResourcesBuildPhase;
			buildActionMask = 2147483647;
			files = (
			);
			runOnlyForDeploymentPostprocessing = 0;
		};
		9017CD9C1FE1A78300E6570F /* Resources */ = {
			isa = PBXResourcesBuildPhase;
			buildActionMask = 2147483647;
			files = (
			);
			runOnlyForDeploymentPostprocessing = 0;
		};
/* End PBXResourcesBuildPhase section */

/* Begin PBXSourcesBuildPhase section */
		9017CD7B1FE1A78300E6570F /* Sources */ = {
			isa = PBXSourcesBuildPhase;
			buildActionMask = 2147483647;
			files = (
				9017CD851FE1A78300E6570F /* ViewController.swift in Sources */,
				9017CD831FE1A78300E6570F /* AppDelegate.swift in Sources */,
			);
			runOnlyForDeploymentPostprocessing = 0;
		};
		9017CD8F1FE1A78300E6570F /* Sources */ = {
			isa = PBXSourcesBuildPhase;
			buildActionMask = 2147483647;
			files = (
				9017CD981FE1A78300E6570F /* TestAppTests.swift in Sources */,
			);
			runOnlyForDeploymentPostprocessing = 0;
		};
		9017CD9A1FE1A78300E6570F /* Sources */ = {
			isa = PBXSourcesBuildPhase;
			buildActionMask = 2147483647;
			files = (
				9017CDA31FE1A78300E6570F /* TestAppUITests.swift in Sources */,
			);
			runOnlyForDeploymentPostprocessing = 0;
		};
/* End PBXSourcesBuildPhase section */

/* Begin PBXTargetDependency section */
		9017CD951FE1A78300E6570F /* PBXTargetDependency */ = {
			isa = PBXTargetDependency;
			target = 9017CD7E1FE1A78300E6570F /* TestApp */;
			targetProxy = 9017CD941FE1A78300E6570F /* PBXContainerItemProxy */;
		};
		9017CDA01FE1A78300E6570F /* PBXTargetDependency */ = {
			isa = PBXTargetDependency;
			target = 9017CD7E1FE1A78300E6570F /* TestApp */;
			targetProxy = 9017CD9F1FE1A78300E6570F /* PBXContainerItemProxy */;
		};
/* End PBXTargetDependency section */

/* Begin PBXVariantGroup section */
		9017CD861FE1A78300E6570F /* Main.storyboard */ = {
			isa = PBXVariantGroup;
			children = (
				9017CD871FE1A78300E6570F /* Base */,
			);
			name = Main.storyboard;
			sourceTree = "<group>";
		};
		9017CD8B1FE1A78300E6570F /* LaunchScreen.storyboard */ = {
			isa = PBXVariantGroup;
			children = (
				9017CD8C1FE1A78300E6570F /* Base */,
			);
			name = LaunchScreen.storyboard;
			sourceTree = "<group>";
		};
/* End PBXVariantGroup section */

/* Begin XCBuildConfiguration section */
		9017CDA51FE1A78300E6570F /* Debug */ = {
			isa = XCBuildConfiguration;
			buildSettings = {
				ALWAYS_SEARCH_USER_PATHS = NO;
				CLANG_ANALYZER_NONNULL = YES;
				CLANG_ANALYZER_NUMBER_OBJECT_CONVERSION = YES_AGGRESSIVE;
				CLANG_CXX_LANGUAGE_STANDARD = "gnu++14";
				CLANG_CXX_LIBRARY = "libc++";
				CLANG_ENABLE_MODULES = YES;
				CLANG_ENABLE_OBJC_ARC = YES;
				CLANG_WARN_BLOCK_CAPTURE_AUTORELEASING = YES;
				CLANG_WARN_BOOL_CONVERSION = YES;
				CLANG_WARN_COMMA = YES;
				CLANG_WARN_CONSTANT_CONVERSION = YES;
				CLANG_WARN_DIRECT_OBJC_ISA_USAGE = YES_ERROR;
				CLANG_WARN_DOCUMENTATION_COMMENTS = YES;
				CLANG_WARN_EMPTY_BODY = YES;
				CLANG_WARN_ENUM_CONVERSION = YES;
				CLANG_WARN_INFINITE_RECURSION = YES;
				CLANG_WARN_INT_CONVERSION = YES;
				CLANG_WARN_NON_LITERAL_NULL_CONVERSION = YES;
				CLANG_WARN_OBJC_LITERAL_CONVERSION = YES;
				CLANG_WARN_OBJC_ROOT_CLASS = YES_ERROR;
				CLANG_WARN_RANGE_LOOP_ANALYSIS = YES;
				CLANG_WARN_STRICT_PROTOTYPES = YES;
				CLANG_WARN_SUSPICIOUS_MOVE = YES;
				CLANG_WARN_UNGUARDED_AVAILABILITY = YES_AGGRESSIVE;
				CLANG_WARN_UNREACHABLE_CODE = YES;
				CLANG_WARN__DUPLICATE_METHOD_MATCH = YES;
				CODE_SIGN_IDENTITY = "iPhone Developer";
				COPY_PHASE_STRIP = NO;
				DEBUG_INFORMATION_FORMAT = dwarf;
				ENABLE_STRICT_OBJC_MSGSEND = YES;
				ENABLE_TESTABILITY = YES;
				GCC_C_LANGUAGE_STANDARD = gnu11;
				GCC_DYNAMIC_NO_PIC = NO;
				GCC_NO_COMMON_BLOCKS = YES;
				GCC_OPTIMIZATION_LEVEL = 0;
				GCC_PREPROCESSOR_DEFINITIONS = (
					"DEBUG=1",
					"$(inherited)",
				);
				GCC_WARN_64_TO_32_BIT_CONVERSION = YES;
				GCC_WARN_ABOUT_RETURN_TYPE = YES_ERROR;
				GCC_WARN_UNDECLARED_SELECTOR = YES;
				GCC_WARN_UNINITIALIZED_AUTOS = YES_AGGRESSIVE;
				GCC_WARN_UNUSED_FUNCTION = YES;
				GCC_WARN_UNUSED_VARIABLE = YES;
				IPHONEOS_DEPLOYMENT_TARGET = 11.2;
				MTL_ENABLE_DEBUG_INFO = YES;
				ONLY_ACTIVE_ARCH = YES;
				SDKROOT = iphoneos;
				SWIFT_ACTIVE_COMPILATION_CONDITIONS = DEBUG;
				SWIFT_OPTIMIZATION_LEVEL = "-Onone";
			};
			name = Debug;
		};
		9017CDA61FE1A78300E6570F /* Release */ = {
			isa = XCBuildConfiguration;
			buildSettings = {
				ALWAYS_SEARCH_USER_PATHS = NO;
				CLANG_ANALYZER_NONNULL = YES;
				CLANG_ANALYZER_NUMBER_OBJECT_CONVERSION = YES_AGGRESSIVE;
				CLANG_CXX_LANGUAGE_STANDARD = "gnu++14";
				CLANG_CXX_LIBRARY = "libc++";
				CLANG_ENABLE_MODULES = YES;
				CLANG_ENABLE_OBJC_ARC = YES;
				CLANG_WARN_BLOCK_CAPTURE_AUTORELEASING = YES;
				CLANG_WARN_BOOL_CONVERSION = YES;
				CLANG_WARN_COMMA = YES;
				CLANG_WARN_CONSTANT_CONVERSION = YES;
				CLANG_WARN_DIRECT_OBJC_ISA_USAGE = YES_ERROR;
				CLANG_WARN_DOCUMENTATION_COMMENTS = YES;
				CLANG_WARN_EMPTY_BODY = YES;
				CLANG_WARN_ENUM_CONVERSION = YES;
				CLANG_WARN_INFINITE_RECURSION = YES;
				CLANG_WARN_INT_CONVERSION = YES;
				CLANG_WARN_NON_LITERAL_NULL_CONVERSION = YES;
				CLANG_WARN_OBJC_LITERAL_CONVERSION = YES;
				CLANG_WARN_OBJC_ROOT_CLASS = YES_ERROR;
				CLANG_WARN_RANGE_LOOP_ANALYSIS = YES;
				CLANG_WARN_STRICT_PROTOTYPES = YES;
				CLANG_WARN_SUSPICIOUS_MOVE = YES;
				CLANG_WARN_UNGUARDED_AVAILABILITY = YES_AGGRESSIVE;
				CLANG_WARN_UNREACHABLE_CODE = YES;
				CLANG_WARN__DUPLICATE_METHOD_MATCH = YES;
				CODE_SIGN_IDENTITY = "iPhone Developer";
				COPY_PHASE_STRIP = NO;
				DEBUG_INFORMATION_FORMAT = "dwarf-with-dsym";
				ENABLE_NS_ASSERTIONS = NO;
				ENABLE_STRICT_OBJC_MSGSEND = YES;
				GCC_C_LANGUAGE_STANDARD = gnu11;
				GCC_NO_COMMON_BLOCKS = YES;
				GCC_WARN_64_TO_32_BIT_CONVERSION = YES;
				GCC_WARN_ABOUT_RETURN_TYPE = YES_ERROR;
				GCC_WARN_UNDECLARED_SELECTOR = YES;
				GCC_WARN_UNINITIALIZED_AUTOS = YES_AGGRESSIVE;
				GCC_WARN_UNUSED_FUNCTION = YES;
				GCC_WARN_UNUSED_VARIABLE = YES;
				IPHONEOS_DEPLOYMENT_TARGET = 11.2;
				MTL_ENABLE_DEBUG_INFO = NO;
				SDKROOT = iphoneos;
				SWIFT_OPTIMIZATION_LEVEL = "-Owholemodule";
				VALIDATE_PRODUCT = YES;
			};
			name = Release;
		};
		9017CDA81FE1A78300E6570F /* Debug */ = {
			isa = XCBuildConfiguration;
			buildSettings = {
				ASSETCATALOG_COMPILER_APPICON_NAME = AppIcon;
				CODE_SIGN_STYLE = Automatic;
				INFOPLIST_FILE = TestApp/Info.plist;
				LD_RUNPATH_SEARCH_PATHS = "$(inherited) @executable_path/Frameworks";
				PRODUCT_BUNDLE_IDENTIFIER = com.vasu5235.TestApp;
				PRODUCT_NAME = "$(TARGET_NAME)";
				SWIFT_VERSION = 4.0;
				TARGETED_DEVICE_FAMILY = "1,2";
			};
			name = Debug;
		};
		9017CDA91FE1A78300E6570F /* Release */ = {
			isa = XCBuildConfiguration;
			buildSettings = {
				ASSETCATALOG_COMPILER_APPICON_NAME = AppIcon;
				CODE_SIGN_STYLE = Automatic;
				INFOPLIST_FILE = TestApp/Info.plist;
				LD_RUNPATH_SEARCH_PATHS = "$(inherited) @executable_path/Frameworks";
				PRODUCT_BUNDLE_IDENTIFIER = com.vasu5235.TestApp;
				PRODUCT_NAME = "$(TARGET_NAME)";
				SWIFT_VERSION = 4.0;
				TARGETED_DEVICE_FAMILY = "1,2";
			};
			name = Release;
		};
		9017CDAB1FE1A78300E6570F /* Debug */ = {
			isa = XCBuildConfiguration;
			buildSettings = {
				ALWAYS_EMBED_SWIFT_STANDARD_LIBRARIES = YES;
				BUNDLE_LOADER = "$(TEST_HOST)";
				CODE_SIGN_STYLE = Automatic;
				INFOPLIST_FILE = TestAppTests/Info.plist;
				LD_RUNPATH_SEARCH_PATHS = "$(inherited) @executable_path/Frameworks @loader_path/Frameworks";
				PRODUCT_BUNDLE_IDENTIFIER = com.vasu5235.TestAppTests;
				PRODUCT_NAME = "$(TARGET_NAME)";
				SWIFT_VERSION = 4.0;
				TARGETED_DEVICE_FAMILY = "1,2";
				TEST_HOST = "$(BUILT_PRODUCTS_DIR)/TestApp.app/TestApp";
			};
			name = Debug;
		};
		9017CDAC1FE1A78300E6570F /* Release */ = {
			isa = XCBuildConfiguration;
			buildSettings = {
				ALWAYS_EMBED_SWIFT_STANDARD_LIBRARIES = YES;
				BUNDLE_LOADER = "$(TEST_HOST)";
				CODE_SIGN_STYLE = Automatic;
				INFOPLIST_FILE = TestAppTests/Info.plist;
				LD_RUNPATH_SEARCH_PATHS = "$(inherited) @executable_path/Frameworks @loader_path/Frameworks";
				PRODUCT_BUNDLE_IDENTIFIER = com.vasu5235.TestAppTests;
				PRODUCT_NAME = "$(TARGET_NAME)";
				SWIFT_VERSION = 4.0;
				TARGETED_DEVICE_FAMILY = "1,2";
				TEST_HOST = "$(BUILT_PRODUCTS_DIR)/TestApp.app/TestApp";
			};
			name = Release;
		};
		9017CDAE1FE1A78300E6570F /* Debug */ = {
			isa = XCBuildConfiguration;
			buildSettings = {
				ALWAYS_EMBED_SWIFT_STANDARD_LIBRARIES = YES;
				CODE_SIGN_STYLE = Automatic;
				INFOPLIST_FILE = TestAppUITests/Info.plist;
				LD_RUNPATH_SEARCH_PATHS = "$(inherited) @executable_path/Frameworks @loader_path/Frameworks";
				PRODUCT_BUNDLE_IDENTIFIER = com.vasu5235.TestAppUITests;
				PRODUCT_NAME = "$(TARGET_NAME)";
				SWIFT_VERSION = 4.0;
				TARGETED_DEVICE_FAMILY = "1,2";
				TEST_TARGET_NAME = TestApp;
			};
			name = Debug;
		};
		9017CDAF1FE1A78300E6570F /* Release */ = {
			isa = XCBuildConfiguration;
			buildSettings = {
				ALWAYS_EMBED_SWIFT_STANDARD_LIBRARIES = YES;
				CODE_SIGN_STYLE = Automatic;
				INFOPLIST_FILE = TestAppUITests/Info.plist;
				LD_RUNPATH_SEARCH_PATHS = "$(inherited) @executable_path/Frameworks @loader_path/Frameworks";
				PRODUCT_BUNDLE_IDENTIFIER = com.vasu5235.TestAppUITests;
				PRODUCT_NAME = "$(TARGET_NAME)";
				SWIFT_VERSION = 4.0;
				TARGETED_DEVICE_FAMILY = "1,2";
				TEST_TARGET_NAME = TestApp;
			};
			name = Release;
		};
/* End XCBuildConfiguration section */

/* Begin XCConfigurationList section */
		9017CD7A1FE1A78300E6570F /* Build configuration list for PBXProject "TestApp" */ = {
			isa = XCConfigurationList;
			buildConfigurations = (
				9017CDA51FE1A78300E6570F /* Debug */,
				9017CDA61FE1A78300E6570F /* Release */,
			);
			defaultConfigurationIsVisible = 0;
			defaultConfigurationName = Release;
		};
		9017CDA71FE1A78300E6570F /* Build configuration list for PBXNativeTarget "TestApp" */ = {
			isa = XCConfigurationList;
			buildConfigurations = (
				9017CDA81FE1A78300E6570F /* Debug */,
				9017CDA91FE1A78300E6570F /* Release */,
			);
			defaultConfigurationIsVisible = 0;
			defaultConfigurationName = Release;
		};
		9017CDAA1FE1A78300E6570F /* Build configuration list for PBXNativeTarget "TestAppTests" */ = {
			isa = XCConfigurationList;
			buildConfigurations = (
				9017CDAB1FE1A78300E6570F /* Debug */,
				9017CDAC1FE1A78300E6570F /* Release */,
			);
			defaultConfigurationIsVisible = 0;
			defaultConfigurationName = Release;
		};
		9017CDAD1FE1A78300E6570F /* Build configuration list for PBXNativeTarget "TestAppUITests" */ = {
			isa = XCConfigurationList;
			buildConfigurations = (
				9017CDAE1FE1A78300E6570F /* Debug */,
				9017CDAF1FE1A78300E6570F /* Release */,
			);
			defaultConfigurationIsVisible = 0;
			defaultConfigurationName = Release;
		};
/* End XCConfigurationList section */
	};
	rootObject = 9017CD771FE1A78300E6570F /* Project object */;
}
