// !$*UTF8*$!
{
	archiveVersion = 1;
	classes = {
	};
	objectVersion = 48;
	objects = {

/* Begin PBXBuildFile section */
		9017CD481FE1610D00E6570F /* AppDelegate.swift in Sources */ = {isa = PBXBuildFile; fileRef = 9017CD471FE1610D00E6570F /* AppDelegate.swift */; };
		9017CD4A1FE1610D00E6570F /* ViewController.swift in Sources */ = {isa = PBXBuildFile; fileRef = 9017CD491FE1610D00E6570F /* ViewController.swift */; };
		9017CD4D1FE1610D00E6570F /* Main.storyboard in Resources */ = {isa = PBXBuildFile; fileRef = 9017CD4B1FE1610D00E6570F /* Main.storyboard */; };
		9017CD4F1FE1610D00E6570F /* Assets.xcassets in Resources */ = {isa = PBXBuildFile; fileRef = 9017CD4E1FE1610D00E6570F /* Assets.xcassets */; };
		9017CD521FE1610D00E6570F /* LaunchScreen.storyboard in Resources */ = {isa = PBXBuildFile; fileRef = 9017CD501FE1610D00E6570F /* LaunchScreen.storyboard */; };
		9017CD5D1FE1610D00E6570F /* AutoLayoutTests.swift in Sources */ = {isa = PBXBuildFile; fileRef = 9017CD5C1FE1610D00E6570F /* AutoLayoutTests.swift */; };
		9017CD681FE1610D00E6570F /* AutoLayoutUITests.swift in Sources */ = {isa = PBXBuildFile; fileRef = 9017CD671FE1610D00E6570F /* AutoLayoutUITests.swift */; };
/* End PBXBuildFile section */

/* Begin PBXContainerItemProxy section */
		9017CD591FE1610D00E6570F /* PBXContainerItemProxy */ = {
			isa = PBXContainerItemProxy;
			containerPortal = 9017CD3C1FE1610D00E6570F /* Project object */;
			proxyType = 1;
			remoteGlobalIDString = 9017CD431FE1610D00E6570F;
			remoteInfo = AutoLayout;
		};
		9017CD641FE1610D00E6570F /* PBXContainerItemProxy */ = {
			isa = PBXContainerItemProxy;
			containerPortal = 9017CD3C1FE1610D00E6570F /* Project object */;
			proxyType = 1;
			remoteGlobalIDString = 9017CD431FE1610D00E6570F;
			remoteInfo = AutoLayout;
		};
/* End PBXContainerItemProxy section */

/* Begin PBXFileReference section */
		9017CD441FE1610D00E6570F /* AutoLayout.app */ = {isa = PBXFileReference; explicitFileType = wrapper.application; includeInIndex = 0; path = AutoLayout.app; sourceTree = BUILT_PRODUCTS_DIR; };
		9017CD471FE1610D00E6570F /* AppDelegate.swift */ = {isa = PBXFileReference; lastKnownFileType = sourcecode.swift; path = AppDelegate.swift; sourceTree = "<group>"; };
		9017CD491FE1610D00E6570F /* ViewController.swift */ = {isa = PBXFileReference; lastKnownFileType = sourcecode.swift; path = ViewController.swift; sourceTree = "<group>"; };
		9017CD4C1FE1610D00E6570F /* Base */ = {isa = PBXFileReference; lastKnownFileType = file.storyboard; name = Base; path = Base.lproj/Main.storyboard; sourceTree = "<group>"; };
		9017CD4E1FE1610D00E6570F /* Assets.xcassets */ = {isa = PBXFileReference; lastKnownFileType = folder.assetcatalog; path = Assets.xcassets; sourceTree = "<group>"; };
		9017CD511FE1610D00E6570F /* Base */ = {isa = PBXFileReference; lastKnownFileType = file.storyboard; name = Base; path = Base.lproj/LaunchScreen.storyboard; sourceTree = "<group>"; };
		9017CD531FE1610D00E6570F /* Info.plist */ = {isa = PBXFileReference; lastKnownFileType = text.plist.xml; path = Info.plist; sourceTree = "<group>"; };
		9017CD581FE1610D00E6570F /* AutoLayoutTests.xctest */ = {isa = PBXFileReference; explicitFileType = wrapper.cfbundle; includeInIndex = 0; path = AutoLayoutTests.xctest; sourceTree = BUILT_PRODUCTS_DIR; };
		9017CD5C1FE1610D00E6570F /* AutoLayoutTests.swift */ = {isa = PBXFileReference; lastKnownFileType = sourcecode.swift; path = AutoLayoutTests.swift; sourceTree = "<group>"; };
		9017CD5E1FE1610D00E6570F /* Info.plist */ = {isa = PBXFileReference; lastKnownFileType = text.plist.xml; path = Info.plist; sourceTree = "<group>"; };
		9017CD631FE1610D00E6570F /* AutoLayoutUITests.xctest */ = {isa = PBXFileReference; explicitFileType = wrapper.cfbundle; includeInIndex = 0; path = AutoLayoutUITests.xctest; sourceTree = BUILT_PRODUCTS_DIR; };
		9017CD671FE1610D00E6570F /* AutoLayoutUITests.swift */ = {isa = PBXFileReference; lastKnownFileType = sourcecode.swift; path = AutoLayoutUITests.swift; sourceTree = "<group>"; };
		9017CD691FE1610D00E6570F /* Info.plist */ = {isa = PBXFileReference; lastKnownFileType = text.plist.xml; path = Info.plist; sourceTree = "<group>"; };
/* End PBXFileReference section */

/* Begin PBXFrameworksBuildPhase section */
		9017CD411FE1610D00E6570F /* Frameworks */ = {
			isa = PBXFrameworksBuildPhase;
			buildActionMask = 2147483647;
			files = (
			);
			runOnlyForDeploymentPostprocessing = 0;
		};
		9017CD551FE1610D00E6570F /* Frameworks */ = {
			isa = PBXFrameworksBuildPhase;
			buildActionMask = 2147483647;
			files = (
			);
			runOnlyForDeploymentPostprocessing = 0;
		};
		9017CD601FE1610D00E6570F /* Frameworks */ = {
			isa = PBXFrameworksBuildPhase;
			buildActionMask = 2147483647;
			files = (
			);
			runOnlyForDeploymentPostprocessing = 0;
		};
/* End PBXFrameworksBuildPhase section */

/* Begin PBXGroup section */
		9017CD3B1FE1610D00E6570F = {
			isa = PBXGroup;
			children = (
				9017CD461FE1610D00E6570F /* AutoLayout */,
				9017CD5B1FE1610D00E6570F /* AutoLayoutTests */,
				9017CD661FE1610D00E6570F /* AutoLayoutUITests */,
				9017CD451FE1610D00E6570F /* Products */,
			);
			sourceTree = "<group>";
		};
		9017CD451FE1610D00E6570F /* Products */ = {
			isa = PBXGroup;
			children = (
				9017CD441FE1610D00E6570F /* AutoLayout.app */,
				9017CD581FE1610D00E6570F /* AutoLayoutTests.xctest */,
				9017CD631FE1610D00E6570F /* AutoLayoutUITests.xctest */,
			);
			name = Products;
			sourceTree = "<group>";
		};
		9017CD461FE1610D00E6570F /* AutoLayout */ = {
			isa = PBXGroup;
			children = (
				9017CD751FE1611C00E6570F /* Supporting Files */,
				9017CD491FE1610D00E6570F /* ViewController.swift */,
				9017CD4B1FE1610D00E6570F /* Main.storyboard */,
				9017CD531FE1610D00E6570F /* Info.plist */,
			);
			path = AutoLayout;
			sourceTree = "<group>";
		};
		9017CD5B1FE1610D00E6570F /* AutoLayoutTests */ = {
			isa = PBXGroup;
			children = (
				9017CD5C1FE1610D00E6570F /* AutoLayoutTests.swift */,
				9017CD5E1FE1610D00E6570F /* Info.plist */,
			);
			path = AutoLayoutTests;
			sourceTree = "<group>";
		};
		9017CD661FE1610D00E6570F /* AutoLayoutUITests */ = {
			isa = PBXGroup;
			children = (
				9017CD671FE1610D00E6570F /* AutoLayoutUITests.swift */,
				9017CD691FE1610D00E6570F /* Info.plist */,
			);
			path = AutoLayoutUITests;
			sourceTree = "<group>";
		};
		9017CD751FE1611C00E6570F /* Supporting Files */ = {
			isa = PBXGroup;
			children = (
				9017CD471FE1610D00E6570F /* AppDelegate.swift */,
				9017CD4E1FE1610D00E6570F /* Assets.xcassets */,
				9017CD501FE1610D00E6570F /* LaunchScreen.storyboard */,
			);
			path = "Supporting Files";
			sourceTree = "<group>";
		};
/* End PBXGroup section */

/* Begin PBXNativeTarget section */
		9017CD431FE1610D00E6570F /* AutoLayout */ = {
			isa = PBXNativeTarget;
			buildConfigurationList = 9017CD6C1FE1610D00E6570F /* Build configuration list for PBXNativeTarget "AutoLayout" */;
			buildPhases = (
				9017CD401FE1610D00E6570F /* Sources */,
				9017CD411FE1610D00E6570F /* Frameworks */,
				9017CD421FE1610D00E6570F /* Resources */,
			);
			buildRules = (
			);
			dependencies = (
			);
			name = AutoLayout;
			productName = AutoLayout;
			productReference = 9017CD441FE1610D00E6570F /* AutoLayout.app */;
			productType = "com.apple.product-type.application";
		};
		9017CD571FE1610D00E6570F /* AutoLayoutTests */ = {
			isa = PBXNativeTarget;
			buildConfigurationList = 9017CD6F1FE1610D00E6570F /* Build configuration list for PBXNativeTarget "AutoLayoutTests" */;
			buildPhases = (
				9017CD541FE1610D00E6570F /* Sources */,
				9017CD551FE1610D00E6570F /* Frameworks */,
				9017CD561FE1610D00E6570F /* Resources */,
			);
			buildRules = (
			);
			dependencies = (
				9017CD5A1FE1610D00E6570F /* PBXTargetDependency */,
			);
			name = AutoLayoutTests;
			productName = AutoLayoutTests;
			productReference = 9017CD581FE1610D00E6570F /* AutoLayoutTests.xctest */;
			productType = "com.apple.product-type.bundle.unit-test";
		};
		9017CD621FE1610D00E6570F /* AutoLayoutUITests */ = {
			isa = PBXNativeTarget;
			buildConfigurationList = 9017CD721FE1610D00E6570F /* Build configuration list for PBXNativeTarget "AutoLayoutUITests" */;
			buildPhases = (
				9017CD5F1FE1610D00E6570F /* Sources */,
				9017CD601FE1610D00E6570F /* Frameworks */,
				9017CD611FE1610D00E6570F /* Resources */,
			);
			buildRules = (
			);
			dependencies = (
				9017CD651FE1610D00E6570F /* PBXTargetDependency */,
			);
			name = AutoLayoutUITests;
			productName = AutoLayoutUITests;
			productReference = 9017CD631FE1610D00E6570F /* AutoLayoutUITests.xctest */;
			productType = "com.apple.product-type.bundle.ui-testing";
		};
/* End PBXNativeTarget section */

/* Begin PBXProject section */
		9017CD3C1FE1610D00E6570F /* Project object */ = {
			isa = PBXProject;
			attributes = {
				LastSwiftUpdateCheck = 0920;
				LastUpgradeCheck = 0920;
				ORGANIZATIONNAME = "Vasu Mistry";
				TargetAttributes = {
					9017CD431FE1610D00E6570F = {
						CreatedOnToolsVersion = 9.2;
						ProvisioningStyle = Automatic;
					};
					9017CD571FE1610D00E6570F = {
						CreatedOnToolsVersion = 9.2;
						ProvisioningStyle = Automatic;
						TestTargetID = 9017CD431FE1610D00E6570F;
					};
					9017CD621FE1610D00E6570F = {
						CreatedOnToolsVersion = 9.2;
						ProvisioningStyle = Automatic;
						TestTargetID = 9017CD431FE1610D00E6570F;
					};
				};
			};
			buildConfigurationList = 9017CD3F1FE1610D00E6570F /* Build configuration list for PBXProject "AutoLayout" */;
			compatibilityVersion = "Xcode 8.0";
			developmentRegion = en;
			hasScannedForEncodings = 0;
			knownRegions = (
				en,
				Base,
			);
			mainGroup = 9017CD3B1FE1610D00E6570F;
			productRefGroup = 9017CD451FE1610D00E6570F /* Products */;
			projectDirPath = "";
			projectRoot = "";
			targets = (
				9017CD431FE1610D00E6570F /* AutoLayout */,
				9017CD571FE1610D00E6570F /* AutoLayoutTests */,
				9017CD621FE1610D00E6570F /* AutoLayoutUITests */,
			);
		};
/* End PBXProject section */

/* Begin PBXResourcesBuildPhase section */
		9017CD421FE1610D00E6570F /* Resources */ = {
			isa = PBXResourcesBuildPhase;
			buildActionMask = 2147483647;
			files = (
				9017CD521FE1610D00E6570F /* LaunchScreen.storyboard in Resources */,
				9017CD4F1FE1610D00E6570F /* Assets.xcassets in Resources */,
				9017CD4D1FE1610D00E6570F /* Main.storyboard in Resources */,
			);
			runOnlyForDeploymentPostprocessing = 0;
		};
		9017CD561FE1610D00E6570F /* Resources */ = {
			isa = PBXResourcesBuildPhase;
			buildActionMask = 2147483647;
			files = (
			);
			runOnlyForDeploymentPostprocessing = 0;
		};
		9017CD611FE1610D00E6570F /* Resources */ = {
			isa = PBXResourcesBuildPhase;
			buildActionMask = 2147483647;
			files = (
			);
			runOnlyForDeploymentPostprocessing = 0;
		};
/* End PBXResourcesBuildPhase section */

/* Begin PBXSourcesBuildPhase section */
		9017CD401FE1610D00E6570F /* Sources */ = {
			isa = PBXSourcesBuildPhase;
			buildActionMask = 2147483647;
			files = (
				9017CD4A1FE1610D00E6570F /* ViewController.swift in Sources */,
				9017CD481FE1610D00E6570F /* AppDelegate.swift in Sources */,
			);
			runOnlyForDeploymentPostprocessing = 0;
		};
		9017CD541FE1610D00E6570F /* Sources */ = {
			isa = PBXSourcesBuildPhase;
			buildActionMask = 2147483647;
			files = (
				9017CD5D1FE1610D00E6570F /* AutoLayoutTests.swift in Sources */,
			);
			runOnlyForDeploymentPostprocessing = 0;
		};
		9017CD5F1FE1610D00E6570F /* Sources */ = {
			isa = PBXSourcesBuildPhase;
			buildActionMask = 2147483647;
			files = (
				9017CD681FE1610D00E6570F /* AutoLayoutUITests.swift in Sources */,
			);
			runOnlyForDeploymentPostprocessing = 0;
		};
/* End PBXSourcesBuildPhase section */

/* Begin PBXTargetDependency section */
		9017CD5A1FE1610D00E6570F /* PBXTargetDependency */ = {
			isa = PBXTargetDependency;
			target = 9017CD431FE1610D00E6570F /* AutoLayout */;
			targetProxy = 9017CD591FE1610D00E6570F /* PBXContainerItemProxy */;
		};
		9017CD651FE1610D00E6570F /* PBXTargetDependency */ = {
			isa = PBXTargetDependency;
			target = 9017CD431FE1610D00E6570F /* AutoLayout */;
			targetProxy = 9017CD641FE1610D00E6570F /* PBXContainerItemProxy */;
		};
/* End PBXTargetDependency section */

/* Begin PBXVariantGroup section */
		9017CD4B1FE1610D00E6570F /* Main.storyboard */ = {
			isa = PBXVariantGroup;
			children = (
				9017CD4C1FE1610D00E6570F /* Base */,
			);
			name = Main.storyboard;
			sourceTree = "<group>";
		};
		9017CD501FE1610D00E6570F /* LaunchScreen.storyboard */ = {
			isa = PBXVariantGroup;
			children = (
				9017CD511FE1610D00E6570F /* Base */,
			);
			name = LaunchScreen.storyboard;
			sourceTree = "<group>";
		};
/* End PBXVariantGroup section */

/* Begin XCBuildConfiguration section */
		9017CD6A1FE1610D00E6570F /* Debug */ = {
			isa = XCBuildConfiguration;
			buildSettings = {
				ALWAYS_SEARCH_USER_PATHS = NO;
				CLANG_ANALYZER_NONNULL = YES;
				CLANG_ANALYZER_NUMBER_OBJECT_CONVERSION = YES_AGGRESSIVE;
				CLANG_CXX_LANGUAGE_STANDARD = "gnu++14";
				CLANG_CXX_LIBRARY = "libc++";
				CLANG_ENABLE_MODULES = YES;
				CLANG_ENABLE_OBJC_ARC = YES;
				CLANG_WARN_BLOCK_CAPTURE_AUTORELEASING = YES;
				CLANG_WARN_BOOL_CONVERSION = YES;
				CLANG_WARN_COMMA = YES;
				CLANG_WARN_CONSTANT_CONVERSION = YES;
				CLANG_WARN_DIRECT_OBJC_ISA_USAGE = YES_ERROR;
				CLANG_WARN_DOCUMENTATION_COMMENTS = YES;
				CLANG_WARN_EMPTY_BODY = YES;
				CLANG_WARN_ENUM_CONVERSION = YES;
				CLANG_WARN_INFINITE_RECURSION = YES;
				CLANG_WARN_INT_CONVERSION = YES;
				CLANG_WARN_NON_LITERAL_NULL_CONVERSION = YES;
				CLANG_WARN_OBJC_LITERAL_CONVERSION = YES;
				CLANG_WARN_OBJC_ROOT_CLASS = YES_ERROR;
				CLANG_WARN_RANGE_LOOP_ANALYSIS = YES;
				CLANG_WARN_STRICT_PROTOTYPES = YES;
				CLANG_WARN_SUSPICIOUS_MOVE = YES;
				CLANG_WARN_UNGUARDED_AVAILABILITY = YES_AGGRESSIVE;
				CLANG_WARN_UNREACHABLE_CODE = YES;
				CLANG_WARN__DUPLICATE_METHOD_MATCH = YES;
				CODE_SIGN_IDENTITY = "iPhone Developer";
				COPY_PHASE_STRIP = NO;
				DEBUG_INFORMATION_FORMAT = dwarf;
				ENABLE_STRICT_OBJC_MSGSEND = YES;
				ENABLE_TESTABILITY = YES;
				GCC_C_LANGUAGE_STANDARD = gnu11;
				GCC_DYNAMIC_NO_PIC = NO;
				GCC_NO_COMMON_BLOCKS = YES;
				GCC_OPTIMIZATION_LEVEL = 0;
				GCC_PREPROCESSOR_DEFINITIONS = (
					"DEBUG=1",
					"$(inherited)",
				);
				GCC_WARN_64_TO_32_BIT_CONVERSION = YES;
				GCC_WARN_ABOUT_RETURN_TYPE = YES_ERROR;
				GCC_WARN_UNDECLARED_SELECTOR = YES;
				GCC_WARN_UNINITIALIZED_AUTOS = YES_AGGRESSIVE;
				GCC_WARN_UNUSED_FUNCTION = YES;
				GCC_WARN_UNUSED_VARIABLE = YES;
				IPHONEOS_DEPLOYMENT_TARGET = 11.2;
				MTL_ENABLE_DEBUG_INFO = YES;
				ONLY_ACTIVE_ARCH = YES;
				SDKROOT = iphoneos;
				SWIFT_ACTIVE_COMPILATION_CONDITIONS = DEBUG;
				SWIFT_OPTIMIZATION_LEVEL = "-Onone";
			};
			name = Debug;
		};
		9017CD6B1FE1610D00E6570F /* Release */ = {
			isa = XCBuildConfiguration;
			buildSettings = {
				ALWAYS_SEARCH_USER_PATHS = NO;
				CLANG_ANALYZER_NONNULL = YES;
				CLANG_ANALYZER_NUMBER_OBJECT_CONVERSION = YES_AGGRESSIVE;
				CLANG_CXX_LANGUAGE_STANDARD = "gnu++14";
				CLANG_CXX_LIBRARY = "libc++";
				CLANG_ENABLE_MODULES = YES;
				CLANG_ENABLE_OBJC_ARC = YES;
				CLANG_WARN_BLOCK_CAPTURE_AUTORELEASING = YES;
				CLANG_WARN_BOOL_CONVERSION = YES;
				CLANG_WARN_COMMA = YES;
				CLANG_WARN_CONSTANT_CONVERSION = YES;
				CLANG_WARN_DIRECT_OBJC_ISA_USAGE = YES_ERROR;
				CLANG_WARN_DOCUMENTATION_COMMENTS = YES;
				CLANG_WARN_EMPTY_BODY = YES;
				CLANG_WARN_ENUM_CONVERSION = YES;
				CLANG_WARN_INFINITE_RECURSION = YES;
				CLANG_WARN_INT_CONVERSION = YES;
				CLANG_WARN_NON_LITERAL_NULL_CONVERSION = YES;
				CLANG_WARN_OBJC_LITERAL_CONVERSION = YES;
				CLANG_WARN_OBJC_ROOT_CLASS = YES_ERROR;
				CLANG_WARN_RANGE_LOOP_ANALYSIS = YES;
				CLANG_WARN_STRICT_PROTOTYPES = YES;
				CLANG_WARN_SUSPICIOUS_MOVE = YES;
				CLANG_WARN_UNGUARDED_AVAILABILITY = YES_AGGRESSIVE;
				CLANG_WARN_UNREACHABLE_CODE = YES;
				CLANG_WARN__DUPLICATE_METHOD_MATCH = YES;
				CODE_SIGN_IDENTITY = "iPhone Developer";
				COPY_PHASE_STRIP = NO;
				DEBUG_INFORMATION_FORMAT = "dwarf-with-dsym";
				ENABLE_NS_ASSERTIONS = NO;
				ENABLE_STRICT_OBJC_MSGSEND = YES;
				GCC_C_LANGUAGE_STANDARD = gnu11;
				GCC_NO_COMMON_BLOCKS = YES;
				GCC_WARN_64_TO_32_BIT_CONVERSION = YES;
				GCC_WARN_ABOUT_RETURN_TYPE = YES_ERROR;
				GCC_WARN_UNDECLARED_SELECTOR = YES;
				GCC_WARN_UNINITIALIZED_AUTOS = YES_AGGRESSIVE;
				GCC_WARN_UNUSED_FUNCTION = YES;
				GCC_WARN_UNUSED_VARIABLE = YES;
				IPHONEOS_DEPLOYMENT_TARGET = 11.2;
				MTL_ENABLE_DEBUG_INFO = NO;
				SDKROOT = iphoneos;
				SWIFT_OPTIMIZATION_LEVEL = "-Owholemodule";
				VALIDATE_PRODUCT = YES;
			};
			name = Release;
		};
		9017CD6D1FE1610D00E6570F /* Debug */ = {
			isa = XCBuildConfiguration;
			buildSettings = {
				ASSETCATALOG_COMPILER_APPICON_NAME = AppIcon;
				CODE_SIGN_STYLE = Automatic;
				INFOPLIST_FILE = AutoLayout/Info.plist;
				LD_RUNPATH_SEARCH_PATHS = "$(inherited) @executable_path/Frameworks";
				PRODUCT_BUNDLE_IDENTIFIER = com.vasu5235.AutoLayout;
				PRODUCT_NAME = "$(TARGET_NAME)";
				SWIFT_VERSION = 4.0;
				TARGETED_DEVICE_FAMILY = "1,2";
			};
			name = Debug;
		};
		9017CD6E1FE1610D00E6570F /* Release */ = {
			isa = XCBuildConfiguration;
			buildSettings = {
				ASSETCATALOG_COMPILER_APPICON_NAME = AppIcon;
				CODE_SIGN_STYLE = Automatic;
				INFOPLIST_FILE = AutoLayout/Info.plist;
				LD_RUNPATH_SEARCH_PATHS = "$(inherited) @executable_path/Frameworks";
				PRODUCT_BUNDLE_IDENTIFIER = com.vasu5235.AutoLayout;
				PRODUCT_NAME = "$(TARGET_NAME)";
				SWIFT_VERSION = 4.0;
				TARGETED_DEVICE_FAMILY = "1,2";
			};
			name = Release;
		};
		9017CD701FE1610D00E6570F /* Debug */ = {
			isa = XCBuildConfiguration;
			buildSettings = {
				ALWAYS_EMBED_SWIFT_STANDARD_LIBRARIES = YES;
				BUNDLE_LOADER = "$(TEST_HOST)";
				CODE_SIGN_STYLE = Automatic;
				INFOPLIST_FILE = AutoLayoutTests/Info.plist;
				LD_RUNPATH_SEARCH_PATHS = "$(inherited) @executable_path/Frameworks @loader_path/Frameworks";
				PRODUCT_BUNDLE_IDENTIFIER = com.vasu5235.AutoLayoutTests;
				PRODUCT_NAME = "$(TARGET_NAME)";
				SWIFT_VERSION = 4.0;
				TARGETED_DEVICE_FAMILY = "1,2";
				TEST_HOST = "$(BUILT_PRODUCTS_DIR)/AutoLayout.app/AutoLayout";
			};
			name = Debug;
		};
		9017CD711FE1610D00E6570F /* Release */ = {
			isa = XCBuildConfiguration;
			buildSettings = {
				ALWAYS_EMBED_SWIFT_STANDARD_LIBRARIES = YES;
				BUNDLE_LOADER = "$(TEST_HOST)";
				CODE_SIGN_STYLE = Automatic;
				INFOPLIST_FILE = AutoLayoutTests/Info.plist;
				LD_RUNPATH_SEARCH_PATHS = "$(inherited) @executable_path/Frameworks @loader_path/Frameworks";
				PRODUCT_BUNDLE_IDENTIFIER = com.vasu5235.AutoLayoutTests;
				PRODUCT_NAME = "$(TARGET_NAME)";
				SWIFT_VERSION = 4.0;
				TARGETED_DEVICE_FAMILY = "1,2";
				TEST_HOST = "$(BUILT_PRODUCTS_DIR)/AutoLayout.app/AutoLayout";
			};
			name = Release;
		};
		9017CD731FE1610D00E6570F /* Debug */ = {
			isa = XCBuildConfiguration;
			buildSettings = {
				ALWAYS_EMBED_SWIFT_STANDARD_LIBRARIES = YES;
				CODE_SIGN_STYLE = Automatic;
				INFOPLIST_FILE = AutoLayoutUITests/Info.plist;
				LD_RUNPATH_SEARCH_PATHS = "$(inherited) @executable_path/Frameworks @loader_path/Frameworks";
				PRODUCT_BUNDLE_IDENTIFIER = com.vasu5235.AutoLayoutUITests;
				PRODUCT_NAME = "$(TARGET_NAME)";
				SWIFT_VERSION = 4.0;
				TARGETED_DEVICE_FAMILY = "1,2";
				TEST_TARGET_NAME = AutoLayout;
			};
			name = Debug;
		};
		9017CD741FE1610D00E6570F /* Release */ = {
			isa = XCBuildConfiguration;
			buildSettings = {
				ALWAYS_EMBED_SWIFT_STANDARD_LIBRARIES = YES;
				CODE_SIGN_STYLE = Automatic;
				INFOPLIST_FILE = AutoLayoutUITests/Info.plist;
				LD_RUNPATH_SEARCH_PATHS = "$(inherited) @executable_path/Frameworks @loader_path/Frameworks";
				PRODUCT_BUNDLE_IDENTIFIER = com.vasu5235.AutoLayoutUITests;
				PRODUCT_NAME = "$(TARGET_NAME)";
				SWIFT_VERSION = 4.0;
				TARGETED_DEVICE_FAMILY = "1,2";
				TEST_TARGET_NAME = AutoLayout;
			};
			name = Release;
		};
/* End XCBuildConfiguration section */

/* Begin XCConfigurationList section */
		9017CD3F1FE1610D00E6570F /* Build configuration list for PBXProject "AutoLayout" */ = {
			isa = XCConfigurationList;
			buildConfigurations = (
				9017CD6A1FE1610D00E6570F /* Debug */,
				9017CD6B1FE1610D00E6570F /* Release */,
			);
			defaultConfigurationIsVisible = 0;
			defaultConfigurationName = Release;
		};
		9017CD6C1FE1610D00E6570F /* Build configuration list for PBXNativeTarget "AutoLayout" */ = {
			isa = XCConfigurationList;
			buildConfigurations = (
				9017CD6D1FE1610D00E6570F /* Debug */,
				9017CD6E1FE1610D00E6570F /* Release */,
			);
			defaultConfigurationIsVisible = 0;
			defaultConfigurationName = Release;
		};
		9017CD6F1FE1610D00E6570F /* Build configuration list for PBXNativeTarget "AutoLayoutTests" */ = {
			isa = XCConfigurationList;
			buildConfigurations = (
				9017CD701FE1610D00E6570F /* Debug */,
				9017CD711FE1610D00E6570F /* Release */,
			);
			defaultConfigurationIsVisible = 0;
			defaultConfigurationName = Release;
		};
		9017CD721FE1610D00E6570F /* Build configuration list for PBXNativeTarget "AutoLayoutUITests" */ = {
			isa = XCConfigurationList;
			buildConfigurations = (
				9017CD731FE1610D00E6570F /* Debug */,
				9017CD741FE1610D00E6570F /* Release */,
			);
			defaultConfigurationIsVisible = 0;
			defaultConfigurationName = Release;
		};
/* End XCConfigurationList section */
	};
	rootObject = 9017CD3C1FE1610D00E6570F /* Project object */;
}
